
Microsoft Visual Studio Solution File, Format Version 12.00
# Visual Studio Version 16
VisualStudioVersion = 16.0.31702.278
MinimumVisualStudioVersion = 10.0.40219.1
Project("{9A19103F-16F7-4668-BE54-9A1E7A4F7556}") = "DataGenerator.CLI", "DataGenerator.CLI\DataGenerator.CLI.csproj", "{30A027F0-F7CF-4E21-B820-FD12BEAE1A29}"
EndProject
Project("{9A19103F-16F7-4668-BE54-9A1E7A4F7556}") = "DataModels", "DataGenerator.Data\DataModels.csproj", "{B0D58668-EE44-40BF-868B-55B1173186AB}"
EndProject
Project("{2150E333-8FDC-42A3-9474-1A3956D46DE8}") = "Data", "Data", "{C1FFB068-73BE-4226-856A-073CBC56D86D}"
EndProject
Project("{9A19103F-16F7-4668-BE54-9A1E7A4F7556}") = "DataModels.Infrastructure", "DataGenerator.Data.Infrastructure\DataModels.Infrastructure.csproj", "{325D9D12-14E1-44AA-948E-E57FC8557D80}"
EndProject
Project("{9A19103F-16F7-4668-BE54-9A1E7A4F7556}") = "DataAccess", "DataAccess\DataAccess.csproj", "{64370A07-A602-45C7-B3FC-7165626134E5}"
EndProject
Project("{9A19103F-16F7-4668-BE54-9A1E7A4F7556}") = "DataAccess.Infrastructure", "DataAccess.Infrastructure\DataAccess.Infrastructure.csproj", "{15C2BB25-3B6E-42FB-B4B6-8237F161FB5D}"
EndProject
Project("{2150E333-8FDC-42A3-9474-1A3956D46DE8}") = "Business", "Business", "{61BAFC1A-2F74-41C4-AF45-E9AF9919B06E}"
EndProject
Project("{9A19103F-16F7-4668-BE54-9A1E7A4F7556}") = "SampleData", "SampleData\SampleData.csproj", "{D1658605-1969-4D78-B3A0-82488C7638AA}"
EndProject
Project("{9A19103F-16F7-4668-BE54-9A1E7A4F7556}") = "SampleData.Infrastructure", "SampleData.Infrastructure\SampleData.Infrastructure.csproj", "{EA4B58A8-73AF-49FC-B7DD-F4E7F839B17C}"
EndProject
Project("{9A19103F-16F7-4668-BE54-9A1E7A4F7556}") = "PersonalDataGeneration", "PersonalDataGeneration\PersonalDataGeneration.csproj", "{0CF0BABA-B13F-4F3A-8FB3-2B376A990915}"
EndProject
Project("{9A19103F-16F7-4668-BE54-9A1E7A4F7556}") = "PersonalDataGeneration.Infrastructure", "PersonalDataGeneration.Infrastructure\PersonalDataGeneration.Infrastructure.csproj", "{2F25B9CB-8586-439A-83FA-886EBF45D2BA}"
EndProject
Project("{9A19103F-16F7-4668-BE54-9A1E7A4F7556}") = "CultureValueGeneration", "CultureValueGenerator\CultureValueGeneration.csproj", "{B4DDF1E1-C788-4607-BA6E-170B34F3D37F}"
EndProject
Project("{9A19103F-16F7-4668-BE54-9A1E7A4F7556}") = "CultureValueGeneration.Infrastructure", "CultureValueGeneration.Infrastructure\CultureValueGeneration.Infrastructure.csproj", "{BDDD635C-722A-49A0-AE38-9C1500714F69}"
EndProject
Project("{2150E333-8FDC-42A3-9474-1A3956D46DE8}") = "Core", "Core", "{A8D1ADEC-7CF7-4EFE-97DD-B662C73D047F}"
EndProject
Project("{9A19103F-16F7-4668-BE54-9A1E7A4F7556}") = "Container", "Container\Container.csproj", "{FC5D174E-4847-4E4A-BC10-F3675E39B2C1}"
EndProject
Project("{FAE04EC0-301F-11D3-BF4B-00C04F79EFBC}") = "CultureValueGeneration.Tests", "CultureValueGeneration.Tests\CultureValueGeneration.Tests.csproj", "{C64DBD04-9AFE-45EA-96AE-1FBEE44FFC16}"
EndProject
Project("{FAE04EC0-301F-11D3-BF4B-00C04F79EFBC}") = "PersonalDataGeneration.Tests", "PersonalDataGeneration.Tests\PersonalDataGeneration.Tests.csproj", "{B45D6351-E55D-4F91-9C07-F26535E0D38C}"
EndProject
Global
	GlobalSection(SolutionConfigurationPlatforms) = preSolution
		Debug|Any CPU = Debug|Any CPU
		Release|Any CPU = Release|Any CPU
	EndGlobalSection
	GlobalSection(ProjectConfigurationPlatforms) = postSolution
		{30A027F0-F7CF-4E21-B820-FD12BEAE1A29}.Debug|Any CPU.ActiveCfg = Debug|Any CPU
		{30A027F0-F7CF-4E21-B820-FD12BEAE1A29}.Debug|Any CPU.Build.0 = Debug|Any CPU
		{30A027F0-F7CF-4E21-B820-FD12BEAE1A29}.Release|Any CPU.ActiveCfg = Release|Any CPU
		{30A027F0-F7CF-4E21-B820-FD12BEAE1A29}.Release|Any CPU.Build.0 = Release|Any CPU
		{B0D58668-EE44-40BF-868B-55B1173186AB}.Debug|Any CPU.ActiveCfg = Debug|Any CPU
		{B0D58668-EE44-40BF-868B-55B1173186AB}.Debug|Any CPU.Build.0 = Debug|Any CPU
		{B0D58668-EE44-40BF-868B-55B1173186AB}.Release|Any CPU.ActiveCfg = Release|Any CPU
		{B0D58668-EE44-40BF-868B-55B1173186AB}.Release|Any CPU.Build.0 = Release|Any CPU
		{325D9D12-14E1-44AA-948E-E57FC8557D80}.Debug|Any CPU.ActiveCfg = Debug|Any CPU
		{325D9D12-14E1-44AA-948E-E57FC8557D80}.Debug|Any CPU.Build.0 = Debug|Any CPU
		{325D9D12-14E1-44AA-948E-E57FC8557D80}.Release|Any CPU.ActiveCfg = Release|Any CPU
		{325D9D12-14E1-44AA-948E-E57FC8557D80}.Release|Any CPU.Build.0 = Release|Any CPU
		{64370A07-A602-45C7-B3FC-7165626134E5}.Debug|Any CPU.ActiveCfg = Debug|Any CPU
		{64370A07-A602-45C7-B3FC-7165626134E5}.Debug|Any CPU.Build.0 = Debug|Any CPU
		{64370A07-A602-45C7-B3FC-7165626134E5}.Release|Any CPU.ActiveCfg = Release|Any CPU
		{64370A07-A602-45C7-B3FC-7165626134E5}.Release|Any CPU.Build.0 = Release|Any CPU
		{15C2BB25-3B6E-42FB-B4B6-8237F161FB5D}.Debug|Any CPU.ActiveCfg = Debug|Any CPU
		{15C2BB25-3B6E-42FB-B4B6-8237F161FB5D}.Debug|Any CPU.Build.0 = Debug|Any CPU
		{15C2BB25-3B6E-42FB-B4B6-8237F161FB5D}.Release|Any CPU.ActiveCfg = Release|Any CPU
		{15C2BB25-3B6E-42FB-B4B6-8237F161FB5D}.Release|Any CPU.Build.0 = Release|Any CPU
		{D1658605-1969-4D78-B3A0-82488C7638AA}.Debug|Any CPU.ActiveCfg = Debug|Any CPU
		{D1658605-1969-4D78-B3A0-82488C7638AA}.Debug|Any CPU.Build.0 = Debug|Any CPU
		{D1658605-1969-4D78-B3A0-82488C7638AA}.Release|Any CPU.ActiveCfg = Release|Any CPU
		{D1658605-1969-4D78-B3A0-82488C7638AA}.Release|Any CPU.Build.0 = Release|Any CPU
		{EA4B58A8-73AF-49FC-B7DD-F4E7F839B17C}.Debug|Any CPU.ActiveCfg = Debug|Any CPU
		{EA4B58A8-73AF-49FC-B7DD-F4E7F839B17C}.Debug|Any CPU.Build.0 = Debug|Any CPU
		{EA4B58A8-73AF-49FC-B7DD-F4E7F839B17C}.Release|Any CPU.ActiveCfg = Release|Any CPU
		{EA4B58A8-73AF-49FC-B7DD-F4E7F839B17C}.Release|Any CPU.Build.0 = Release|Any CPU
		{0CF0BABA-B13F-4F3A-8FB3-2B376A990915}.Debug|Any CPU.ActiveCfg = Debug|Any CPU
		{0CF0BABA-B13F-4F3A-8FB3-2B376A990915}.Debug|Any CPU.Build.0 = Debug|Any CPU
		{0CF0BABA-B13F-4F3A-8FB3-2B376A990915}.Release|Any CPU.ActiveCfg = Release|Any CPU
		{0CF0BABA-B13F-4F3A-8FB3-2B376A990915}.Release|Any CPU.Build.0 = Release|Any CPU
		{2F25B9CB-8586-439A-83FA-886EBF45D2BA}.Debug|Any CPU.ActiveCfg = Debug|Any CPU
		{2F25B9CB-8586-439A-83FA-886EBF45D2BA}.Debug|Any CPU.Build.0 = Debug|Any CPU
		{2F25B9CB-8586-439A-83FA-886EBF45D2BA}.Release|Any CPU.ActiveCfg = Release|Any CPU
		{2F25B9CB-8586-439A-83FA-886EBF45D2BA}.Release|Any CPU.Build.0 = Release|Any CPU
		{B4DDF1E1-C788-4607-BA6E-170B34F3D37F}.Debug|Any CPU.ActiveCfg = Debug|Any CPU
		{B4DDF1E1-C788-4607-BA6E-170B34F3D37F}.Debug|Any CPU.Build.0 = Debug|Any CPU
		{B4DDF1E1-C788-4607-BA6E-170B34F3D37F}.Release|Any CPU.ActiveCfg = Release|Any CPU
		{B4DDF1E1-C788-4607-BA6E-170B34F3D37F}.Release|Any CPU.Build.0 = Release|Any CPU
		{BDDD635C-722A-49A0-AE38-9C1500714F69}.Debug|Any CPU.ActiveCfg = Debug|Any CPU
		{BDDD635C-722A-49A0-AE38-9C1500714F69}.Debug|Any CPU.Build.0 = Debug|Any CPU
		{BDDD635C-722A-49A0-AE38-9C1500714F69}.Release|Any CPU.ActiveCfg = Release|Any CPU
		{BDDD635C-722A-49A0-AE38-9C1500714F69}.Release|Any CPU.Build.0 = Release|Any CPU
		{FC5D174E-4847-4E4A-BC10-F3675E39B2C1}.Debug|Any CPU.ActiveCfg = Debug|Any CPU
		{FC5D174E-4847-4E4A-BC10-F3675E39B2C1}.Debug|Any CPU.Build.0 = Debug|Any CPU
		{FC5D174E-4847-4E4A-BC10-F3675E39B2C1}.Release|Any CPU.ActiveCfg = Release|Any CPU
		{FC5D174E-4847-4E4A-BC10-F3675E39B2C1}.Release|Any CPU.Build.0 = Release|Any CPU
		{C64DBD04-9AFE-45EA-96AE-1FBEE44FFC16}.Debug|Any CPU.ActiveCfg = Debug|Any CPU
		{C64DBD04-9AFE-45EA-96AE-1FBEE44FFC16}.Debug|Any CPU.Build.0 = Debug|Any CPU
		{C64DBD04-9AFE-45EA-96AE-1FBEE44FFC16}.Release|Any CPU.ActiveCfg = Release|Any CPU
		{C64DBD04-9AFE-45EA-96AE-1FBEE44FFC16}.Release|Any CPU.Build.0 = Release|Any CPU
		{B45D6351-E55D-4F91-9C07-F26535E0D38C}.Debug|Any CPU.ActiveCfg = Debug|Any CPU
		{B45D6351-E55D-4F91-9C07-F26535E0D38C}.Debug|Any CPU.Build.0 = Debug|Any CPU
		{B45D6351-E55D-4F91-9C07-F26535E0D38C}.Release|Any CPU.ActiveCfg = Release|Any CPU
		{B45D6351-E55D-4F91-9C07-F26535E0D38C}.Release|Any CPU.Build.0 = Release|Any CPU
	EndGlobalSection
	GlobalSection(SolutionProperties) = preSolution
		HideSolutionNode = FALSE
	EndGlobalSection
	GlobalSection(NestedProjects) = preSolution
		{B0D58668-EE44-40BF-868B-55B1173186AB} = {C1FFB068-73BE-4226-856A-073CBC56D86D}
		{325D9D12-14E1-44AA-948E-E57FC8557D80} = {C1FFB068-73BE-4226-856A-073CBC56D86D}
		{64370A07-A602-45C7-B3FC-7165626134E5} = {C1FFB068-73BE-4226-856A-073CBC56D86D}
		{15C2BB25-3B6E-42FB-B4B6-8237F161FB5D} = {C1FFB068-73BE-4226-856A-073CBC56D86D}
		{D1658605-1969-4D78-B3A0-82488C7638AA} = {61BAFC1A-2F74-41C4-AF45-E9AF9919B06E}
		{EA4B58A8-73AF-49FC-B7DD-F4E7F839B17C} = {61BAFC1A-2F74-41C4-AF45-E9AF9919B06E}
		{0CF0BABA-B13F-4F3A-8FB3-2B376A990915} = {61BAFC1A-2F74-41C4-AF45-E9AF9919B06E}
		{2F25B9CB-8586-439A-83FA-886EBF45D2BA} = {61BAFC1A-2F74-41C4-AF45-E9AF9919B06E}
		{B4DDF1E1-C788-4607-BA6E-170B34F3D37F} = {61BAFC1A-2F74-41C4-AF45-E9AF9919B06E}
		{BDDD635C-722A-49A0-AE38-9C1500714F69} = {61BAFC1A-2F74-41C4-AF45-E9AF9919B06E}
		{FC5D174E-4847-4E4A-BC10-F3675E39B2C1} = {A8D1ADEC-7CF7-4EFE-97DD-B662C73D047F}
		{C64DBD04-9AFE-45EA-96AE-1FBEE44FFC16} = {61BAFC1A-2F74-41C4-AF45-E9AF9919B06E}
		{B45D6351-E55D-4F91-9C07-F26535E0D38C} = {61BAFC1A-2F74-41C4-AF45-E9AF9919B06E}
	EndGlobalSection
	GlobalSection(ExtensibilityGlobals) = postSolution
		SolutionGuid = {C213DC3F-32C3-4E52-B9F6-1EA8DAAB50A0}
	EndGlobalSection
EndGlobal
